
Microsoft Visual Studio Solution File, Format Version 12.00
# Visual Studio 14
VisualStudioVersion = 14.0.23107.0
MinimumVisualStudioVersion = 10.0.40219.1
Project("{FAE04EC0-301F-11D3-BF4B-00C04F79EFBC}") = "StringSecurer", "StringSecurer.csproj", "{731E84C2-A508-4410-B1E2-D98E8901A699}"
EndProject
Project("{FAE04EC0-301F-11D3-BF4B-00C04F79EFBC}") = "StringSecurerApplication", "..\StringSecurerApplication\StringSecurerApplication.csproj", "{B416AD06-C99A-4740-8BA0-BAAF0CEA73FD}"
EndProject
Global
	GlobalSection(SolutionConfigurationPlatforms) = preSolution
		Debug|Any CPU = Debug|Any CPU
		Release|Any CPU = Release|Any CPU
	EndGlobalSection
	GlobalSection(ProjectConfigurationPlatforms) = postSolution
		{731E84C2-A508-4410-B1E2-D98E8901A699}.Debug|Any CPU.ActiveCfg = Debug|Any CPU
		{731E84C2-A508-4410-B1E2-D98E8901A699}.Debug|Any CPU.Build.0 = Debug|Any CPU
		{731E84C2-A508-4410-B1E2-D98E8901A699}.Release|Any CPU.ActiveCfg = Release|Any CPU
		{731E84C2-A508-4410-B1E2-D98E8901A699}.Release|Any CPU.Build.0 = Release|Any CPU
		{B416AD06-C99A-4740-8BA0-BAAF0CEA73FD}.Debug|Any CPU.ActiveCfg = Debug|Any CPU
		{B416AD06-C99A-4740-8BA0-BAAF0CEA73FD}.Debug|Any CPU.Build.0 = Debug|Any CPU
		{B416AD06-C99A-4740-8BA0-BAAF0CEA73FD}.Release|Any CPU.ActiveCfg = Release|Any CPU
		{B416AD06-C99A-4740-8BA0-BAAF0CEA73FD}.Release|Any CPU.Build.0 = Release|Any CPU
	EndGlobalSection
	GlobalSection(SolutionProperties) = preSolution
		HideSolutionNode = FALSE
	EndGlobalSection
EndGlobal
